
Microsoft Visual Studio Solution File, Format Version 12.00
# Visual Studio Version 17
VisualStudioVersion = 17.10.34928.147
MinimumVisualStudioVersion = 10.0.40219.1
Project("{FAE04EC0-301F-11D3-BF4B-00C04F79EFBC}") = "Project1", "Project1\Project1.csproj", "{967168A7-0FD6-4D99-B6A8-B81106D5A4EB}"
EndProject
Global
	GlobalSection(SolutionConfigurationPlatforms) = preSolution
		Debug|Any CPU = Debug|Any CPU
		Release|Any CPU = Release|Any CPU
	EndGlobalSection
	GlobalSection(ProjectConfigurationPlatforms) = postSolution
		{967168A7-0FD6-4D99-B6A8-B81106D5A4EB}.Debug|Any CPU.ActiveCfg = Debug|Any CPU
		{967168A7-0FD6-4D99-B6A8-B81106D5A4EB}.Debug|Any CPU.Build.0 = Debug|Any CPU
		{967168A7-0FD6-4D99-B6A8-B81106D5A4EB}.Release|Any CPU.ActiveCfg = Release|Any CPU
		{967168A7-0FD6-4D99-B6A8-B81106D5A4EB}.Release|Any CPU.Build.0 = Release|Any CPU
	EndGlobalSection
	GlobalSection(SolutionProperties) = preSolution
		HideSolutionNode = FALSE
	EndGlobalSection
	GlobalSection(ExtensibilityGlobals) = postSolution
		SolutionGuid = {1ECAACAA-6A20-41B9-9EA1-3A81BD7A313E}
	EndGlobalSection
EndGlobal
