
Microsoft Visual Studio Solution File, Format Version 12.00
# Visual Studio Version 17
VisualStudioVersion = 17.10.34928.147
MinimumVisualStudioVersion = 10.0.40219.1
Project("{FAE04EC0-301F-11D3-BF4B-00C04F79EFBC}") = "StudentData", "StudentData\StudentData.csproj", "{CE0081E5-D42C-4344-AD85-9266778B665B}"
EndProject
Global
	GlobalSection(SolutionConfigurationPlatforms) = preSolution
		Debug|Any CPU = Debug|Any CPU
		Release|Any CPU = Release|Any CPU
	EndGlobalSection
	GlobalSection(ProjectConfigurationPlatforms) = postSolution
		{CE0081E5-D42C-4344-AD85-9266778B665B}.Debug|Any CPU.ActiveCfg = Debug|Any CPU
		{CE0081E5-D42C-4344-AD85-9266778B665B}.Debug|Any CPU.Build.0 = Debug|Any CPU
		{CE0081E5-D42C-4344-AD85-9266778B665B}.Release|Any CPU.ActiveCfg = Release|Any CPU
		{CE0081E5-D42C-4344-AD85-9266778B665B}.Release|Any CPU.Build.0 = Release|Any CPU
	EndGlobalSection
	GlobalSection(SolutionProperties) = preSolution
		HideSolutionNode = FALSE
	EndGlobalSection
	GlobalSection(ExtensibilityGlobals) = postSolution
		SolutionGuid = {B54F3120-9F66-4AE2-819A-341374CB1CA1}
	EndGlobalSection
EndGlobal
